PODS:
  - JKPresentationController (1.0.0)
  - XQSheet (2.0.0):
    - JKPresentationController (~> 1.0.0)

DEPENDENCIES:
  - XQSheet (~> 2.0.0)

SPEC REPOS:
  https://github.com/CocoaPods/Specs.git:
    - JKPresentationController
    - XQSheet

SPEC CHECKSUMS:
  JKPresentationController: f8886b6ce8a803d8a54711ffaddc94d10cd48fe2
  XQSheet: dfac222aa581cfb381d8484530344bb9dee1da62

PODFILE CHECKSUM: 8d9eb3fe1bb80f863494ad24762599b1aeecba7c

COCOAPODS: 1.9.1
