PODS:
  - JHGrandPopupView (1.0.0)
  - XQSheet (2.1.3):
    - JHGrandPopupView (~> 1.0.0)

DEPENDENCIES:
  - XQSheet (from `../`)

SPEC REPOS:
  https://github.com/CocoaPods/Specs.git:
    - JHGrandPopupView

EXTERNAL SOURCES:
  XQSheet:
    :path: "../"

SPEC CHECKSUMS:
  JHGrandPopupView: 9968e67f30724454d4f4d36e57ce58b71014b3eb
  XQSheet: b12f6893b83e33cdc76d3a15fcd514fb7a5a8c8d

PODFILE CHECKSUM: 95ca964687e6ab2c5d82915bc6c5aab4d237ffdd

COCOAPODS: 1.11.3
